<?xml version="1.0" encoding="utf-8"?>
<Project ToolsVersion="4.0" xmlns="http://schemas.microsoft.com/developer/msbuild/2003">
  <ItemGroup>
    <Filter Include="Common">
      <UniqueIdentifier>631a0b17-7a9d-4d93-8f42-ca9e7ef61618</UniqueIdentifier>
    </Filter>
    <Filter Include="Assets">
      <UniqueIdentifier>cf69606c-7baf-4f8e-b94b-b476ca6d5d00</UniqueIdentifier>
      <Extensions>ico;cur;bmp;dds;dlg;fbx;rct;bin;rgs;gif;jpg;jpeg;jpe;resx;tga;tiff;tif;png;wav;mfcribbon-ms</Extensions>
    </Filter>
    <Filter Include="ATG Tool Kit">
      <UniqueIdentifier>{667fc6fd-7d66-4980-84fb-bb9aa880ce60}</UniqueIdentifier>
    </Filter>
    <Filter Include="RenderEngine">
      <UniqueIdentifier>{415e34cf-1367-46ec-bb78-4650585e6d19}</UniqueIdentifier>
    </Filter>
    <Filter Include="RenderEngine\Core">
      <UniqueIdentifier>{08b8dc5f-af99-4f52-a181-0619bf7b81fc}</UniqueIdentifier>
    </Filter>
    <Filter Include="RenderEngine\Core\Inc">
      <UniqueIdentifier>{7de10ae6-db0b-4c3d-b062-3005f349e6f2}</UniqueIdentifier>
    </Filter>
    <Filter Include="RenderEngine\Core\Src">
      <UniqueIdentifier>{582648f1-9805-4d78-862d-ca603351fe1b}</UniqueIdentifier>
    </Filter>
  </ItemGroup>
  <ItemGroup>
    <ClInclude Include="pch.h" />
    <ClInclude Include="SimpleTexturePC.h" />
    <ClInclude Include="StepTimer.h">
      <Filter>Common</Filter>
    </ClInclude>
    <ClInclude Include="DeviceResources.h">
      <Filter>Common</Filter>
    </ClInclude>
    <ClInclude Include="..\..\..\Kits\ATGTK\ReadData.h">
      <Filter>ATG Tool Kit</Filter>
    </ClInclude>
    <ClInclude Include="..\..\..\Kits\ATGTK\FindMedia.h">
      <Filter>ATG Tool Kit</Filter>
    </ClInclude>
    <ClInclude Include="..\..\..\Kits\ATGTK\ATGColors.h">
      <Filter>ATG Tool Kit</Filter>
    </ClInclude>
    <ClInclude Include="MonoObject.h">
      <Filter>RenderEngine\Core\Inc</Filter>
    </ClInclude>
    <ClInclude Include="EngineCore.h">
      <Filter>RenderEngine\Core\Inc</Filter>
    </ClInclude>
    <ClInclude Include="ResourceManager.h">
      <Filter>RenderEngine\Core\Inc</Filter>
    </ClInclude>
    <ClInclude Include="Texture.h">
      <Filter>RenderEngine\Core\Inc</Filter>
    </ClInclude>
    <ClInclude Include="GameObject.h">
      <Filter>RenderEngine\Core\Inc</Filter>
    </ClInclude>
    <ClInclude Include="Transform.h">
      <Filter>RenderEngine\Core\Inc</Filter>
    </ClInclude>
  </ItemGroup>
  <ItemGroup>
    <ClCompile Include="pch.cpp" />
    <ClCompile Include="SimpleTexturePC.cpp" />
    <ClCompile Include="Main.cpp" />
    <ClCompile Include="DeviceResources.cpp">
      <Filter>Common</Filter>
    </ClCompile>
    <ClCompile Include="EngineCore.cpp">
      <Filter>RenderEngine\Core\Src</Filter>
    </ClCompile>
    <ClCompile Include="ResourceManager.cpp">
      <Filter>RenderEngine\Core\Src</Filter>
    </ClCompile>
    <ClCompile Include="Texture.cpp">
      <Filter>RenderEngine\Core\Src</Filter>
    </ClCompile>
  </ItemGroup>
  <ItemGroup>
    <ResourceCompile Include="resource.rc" />
  </ItemGroup>
  <ItemGroup>
    <Image Include="atg.ico">
      <Filter>Assets</Filter>
    </Image>
    <Image Include="..\..\..\Media\Textures\sunset.jpg">
      <Filter>Assets</Filter>
    </Image>
  </ItemGroup>
  <ItemGroup>
    <Manifest Include="settings.manifest">
      <Filter>Assets</Filter>
    </Manifest>
  </ItemGroup>
  <ItemGroup>
    <FxCompile Include="PixelShader.hlsl">
      <Filter>Assets</Filter>
    </FxCompile>
    <FxCompile Include="VertexShader.hlsl">
      <Filter>Assets</Filter>
    </FxCompile>
  </ItemGroup>
  <ItemGroup>
    <None Include="Readme.docx" />
  </ItemGroup>
</Project>